
Microsoft Visual Studio Solution File, Format Version 12.00
# Visual Studio 15
VisualStudioVersion = 15.0.28010.2036
MinimumVisualStudioVersion = 10.0.40219.1
Project("{FAE04EC0-301F-11D3-BF4B-00C04F79EFBC}") = "Bookings", "Bookings\Bookings.csproj", "{AE891F91-9651-44C5-BF28-7A5E08B39EA8}"
EndProject
Global
	GlobalSection(SolutionConfigurationPlatforms) = preSolution
		Debug|Any CPU = Debug|Any CPU
		Release|Any CPU = Release|Any CPU
	EndGlobalSection
	GlobalSection(ProjectConfigurationPlatforms) = postSolution
		{AE891F91-9651-44C5-BF28-7A5E08B39EA8}.Debug|Any CPU.ActiveCfg = Debug|Any CPU
		{AE891F91-9651-44C5-BF28-7A5E08B39EA8}.Debug|Any CPU.Build.0 = Debug|Any CPU
		{AE891F91-9651-44C5-BF28-7A5E08B39EA8}.Release|Any CPU.ActiveCfg = Release|Any CPU
		{AE891F91-9651-44C5-BF28-7A5E08B39EA8}.Release|Any CPU.Build.0 = Release|Any CPU
	EndGlobalSection
	GlobalSection(SolutionProperties) = preSolution
		HideSolutionNode = FALSE
	EndGlobalSection
	GlobalSection(ExtensibilityGlobals) = postSolution
		SolutionGuid = {449717D6-68CC-433E-9879-FBD62F8CE82C}
	EndGlobalSection
EndGlobal
